
Microsoft Visual Studio Solution File, Format Version 12.00
# Visual Studio 15
VisualStudioVersion = 15.0.28307.489
MinimumVisualStudioVersion = 10.0.40219.1
Project("{FAE04EC0-301F-11D3-BF4B-00C04F79EFBC}") = "Library.DataBase", "Library.DataBase\Library.DataBase.csproj", "{9AEF7A2E-4177-48C0-B7C6-9F3988D066F7}"
EndProject
Project("{FAE04EC0-301F-11D3-BF4B-00C04F79EFBC}") = "Library.Web", "Library.Web\Library.Web.csproj", "{B83222EC-8D47-4874-8937-D5EB78F666FB}"
EndProject
Global
	GlobalSection(SolutionConfigurationPlatforms) = preSolution
		Debug|Any CPU = Debug|Any CPU
		Release|Any CPU = Release|Any CPU
	EndGlobalSection
	GlobalSection(ProjectConfigurationPlatforms) = postSolution
		{9AEF7A2E-4177-48C0-B7C6-9F3988D066F7}.Debug|Any CPU.ActiveCfg = Debug|Any CPU
		{9AEF7A2E-4177-48C0-B7C6-9F3988D066F7}.Debug|Any CPU.Build.0 = Debug|Any CPU
		{9AEF7A2E-4177-48C0-B7C6-9F3988D066F7}.Release|Any CPU.ActiveCfg = Release|Any CPU
		{9AEF7A2E-4177-48C0-B7C6-9F3988D066F7}.Release|Any CPU.Build.0 = Release|Any CPU
		{B83222EC-8D47-4874-8937-D5EB78F666FB}.Debug|Any CPU.ActiveCfg = Debug|Any CPU
		{B83222EC-8D47-4874-8937-D5EB78F666FB}.Debug|Any CPU.Build.0 = Debug|Any CPU
		{B83222EC-8D47-4874-8937-D5EB78F666FB}.Release|Any CPU.ActiveCfg = Release|Any CPU
		{B83222EC-8D47-4874-8937-D5EB78F666FB}.Release|Any CPU.Build.0 = Release|Any CPU
	EndGlobalSection
	GlobalSection(SolutionProperties) = preSolution
		HideSolutionNode = FALSE
	EndGlobalSection
	GlobalSection(ExtensibilityGlobals) = postSolution
		SolutionGuid = {5DDA6E37-8C8D-4AC9-9891-0627F94BF6E2}
	EndGlobalSection
EndGlobal
